{
    "_meta": {
        "hash": {
            "sha256": "395fbd8efc23f32a1d86519327fbd505f76eaf18b0448dcfed8412ce489d094e"
        },
        "requires": {},
        "sources": [
            {
                "url": "https://pypi.python.org/simple",
                "verify_ssl": true
            }
        ]
    },
    "default": {
        "certifi": {
            "version": "==2017.11.5"
        },
        "chardet": {
            "version": "==3.0.4"
        },
        "idna": {
            "version": "==2.6"
        },
        "requests": {
            "version": "==2.18.4"
        },
        "urllib3": {
            "version": "==1.22"
        },
        "werkzeug": {
            "version": "==0.13"
        }
    },
    "develop": {}
}
