{
    "_meta": {
        "hash": {
            "sha256": "12ca13450649023bb62ced95c62711de50c4cd186a2214b485f4d1f13ec4bbac"
        },
        "requires": {},
        "sources": [
            {
                "url": "https://pypi.python.org/simple",
                "verify_ssl": true
            }
        ]
    },
    "default": {
        "certifi": {
            "version": "==2018.1.18"
        },
        "chardet": {
            "version": "==3.0.4"
        },
        "idna": {
            "version": "==2.6"
        },
        "peewee": {
            "version": "==2.10.2"
        },
        "requests": {
            "version": "==2.18.4"
        },
        "urllib3": {
            "version": "==1.22"
        },
        "werkzeug": {
            "version": "==0.14.1"
        }
    },
    "develop": {}
}
